// !$*UTF$!*
objectVersion = 56;
objects = {
	/* Begin PBXBuildFile section */
		09867EEE /* AppDelegate.swift in Resources */ = {isa = PBXBuildFile; fileRef = 09867EEE /* AppDelegate.swift */; };
		FA4525BD /* SceneDelegate.swift in Resources */ = {isa = PBXBuildFile; fileRef = FA4525BD /* SceneDelegate.swift */; };
		9E3518AB /* Info.plist in Resources */ = {isa = PBXBuildFile; fileRef = 9E3518AB /* Info.plist */; };
		BD23AF8A /* JSKeyboard.entitlements in Resources */ = {isa = PBXBuildFile; fileRef = BD23AF8A /* JSKeyboard.entitlements */; };
		364A8969 /* DataManager.swift in Resources */ = {isa = PBXBuildFile; fileRef = 364A8969 /* DataManager.swift */; };
		DFBAEAA4 /* TextCategory.swift in Resources */ = {isa = PBXBuildFile; fileRef = DFBAEAA4 /* TextCategory.swift */; };
		4FD675EA /* ClipboardEntry.swift in Resources */ = {isa = PBXBuildFile; fileRef = 4FD675EA /* ClipboardEntry.swift */; };
		6D1E1DAA /* JSFunction.swift in Resources */ = {isa = PBXBuildFile; fileRef = 6D1E1DAA /* JSFunction.swift */; };
		CDF90B48 /* Settings.swift in Resources */ = {isa = PBXBuildFile; fileRef = CDF90B48 /* Settings.swift */; };
		064232A9 /* TabBarController.swift in Resources */ = {isa = PBXBuildFile; fileRef = 064232A9 /* TabBarController.swift */; };
		485A62A3 /* TextTabViewController.swift in Resources */ = {isa = PBXBuildFile; fileRef = 485A62A3 /* TextTabViewController.swift */; };
		5AF89C98 /* ClipboardTabViewController.swift in Resources */ = {isa = PBXBuildFile; fileRef = 5AF89C98 /* ClipboardTabViewController.swift */; };
		69CB68B8 /* JSTabViewController.swift in Resources */ = {isa = PBXBuildFile; fileRef = 69CB68B8 /* JSTabViewController.swift */; };
		F37DB011 /* SettingsTabViewController.swift in Resources */ = {isa = PBXBuildFile; fileRef = F37DB011 /* SettingsTabViewController.swift */; };
		4E161D78 /* ViewModelExtensions.swift in Resources */ = {isa = PBXBuildFile; fileRef = 4E161D78 /* ViewModelExtensions.swift */; };
		42F4CB83 /* Contents.json in Resources */ = {isa = PBXBuildFile; fileRef = 42F4CB83 /* Contents.json */; };
		D04EA8B4 /* Contents.json in Resources */ = {isa = PBXBuildFile; fileRef = D04EA8B4 /* Contents.json */; };
		EDCECECF /* KeyboardViewController.swift in Resources */ = {isa = PBXBuildFile; fileRef = EDCECECF /* KeyboardViewController.swift */; };
		A955EBAE /* JSKeyboardView.swift in Resources */ = {isa = PBXBuildFile; fileRef = A955EBAE /* JSKeyboardView.swift */; };
		10B576DE /* Info.plist in Resources */ = {isa = PBXBuildFile; fileRef = 10B576DE /* Info.plist */; };
		5545F599 /* JSKeyboardExtension.entitlements in Resources */ = {isa = PBXBuildFile; fileRef = 5545F599 /* JSKeyboardExtension.entitlements */; };
	/* End PBXBuildFile section */

	/* Begin PBXFileReference section */
		09867EEE /* AppDelegate.swift */ = {isa = PBXFileReference; path = AppDelegate.swift; sourceTree = "<group>"; };
		FA4525BD /* SceneDelegate.swift */ = {isa = PBXFileReference; path = SceneDelegate.swift; sourceTree = "<group>"; };
		9E3518AB /* Info.plist */ = {isa = PBXFileReference; path = Info.plist; sourceTree = "<group>"; };
		BD23AF8A /* JSKeyboard.entitlements */ = {isa = PBXFileReference; path = JSKeyboard.entitlements; sourceTree = "<group>"; };
		364A8969 /* DataManager.swift */ = {isa = PBXFileReference; path = Models/DataManager.swift; sourceTree = "<group>"; };
		DFBAEAA4 /* TextCategory.swift */ = {isa = PBXFileReference; path = Models/TextCategory.swift; sourceTree = "<group>"; };
		4FD675EA /* ClipboardEntry.swift */ = {isa = PBXFileReference; path = Models/ClipboardEntry.swift; sourceTree = "<group>"; };
		6D1E1DAA /* JSFunction.swift */ = {isa = PBXFileReference; path = Models/JSFunction.swift; sourceTree = "<group>"; };
		CDF90B48 /* Settings.swift */ = {isa = PBXFileReference; path = Models/Settings.swift; sourceTree = "<group>"; };
		064232A9 /* TabBarController.swift */ = {isa = PBXFileReference; path = ViewControllers/TabBarController.swift; sourceTree = "<group>"; };
		485A62A3 /* TextTabViewController.swift */ = {isa = PBXFileReference; path = ViewControllers/TextTabViewController.swift; sourceTree = "<group>"; };
		5AF89C98 /* ClipboardTabViewController.swift */ = {isa = PBXFileReference; path = ViewControllers/ClipboardTabViewController.swift; sourceTree = "<group>"; };
		69CB68B8 /* JSTabViewController.swift */ = {isa = PBXFileReference; path = ViewControllers/JSTabViewController.swift; sourceTree = "<group>"; };
		F37DB011 /* SettingsTabViewController.swift */ = {isa = PBXFileReference; path = ViewControllers/SettingsTabViewController.swift; sourceTree = "<group>"; };
		4E161D78 /* ViewModelExtensions.swift */ = {isa = PBXFileReference; path = Extensions/ViewModelExtensions.swift; sourceTree = "<group>"; };
		42F4CB83 /* Contents.json */ = {isa = PBXFileReference; path = Assets.xcassets/Contents.json; sourceTree = "<group>"; };
		D04EA8B4 /* Contents.json */ = {isa = PBXFileReference; path = Assets.xcassets/AppIcon.appiconset/Contents.json; sourceTree = "<group>"; };
		EDCECECF /* KeyboardViewController.swift */ = {isa = PBXFileReference; path = ../JSKeyboardExtension/KeyboardViewController.swift; sourceTree = "<group>"; };
		A955EBAE /* JSKeyboardView.swift */ = {isa = PBXFileReference; path = ../JSKeyboardExtension/JSKeyboardView.swift; sourceTree = "<group>"; };
		10B576DE /* Info.plist */ = {isa = PBXFileReference; path = ../JSKeyboardExtension/Info.plist; sourceTree = "<group>"; };
		5545F599 /* JSKeyboardExtension.entitlements */ = {isa = PBXFileReference; path = ../JSKeyboardExtension/JSKeyboardExtension.entitlements; sourceTree = "<group>"; };
	/* End PBXFileReference section */

	/* Begin PBXFrameworksBuildPhase section */
		5D9A03BB /* Frameworks */ = {isa = PBXFrameworksBuildPhase; buildActionMask = 2147483647; files = (
		); runOnlyForDeploymentPostprocessing = 0; };
		A2AD8831 /* Frameworks */ = {isa = PBXFrameworksBuildPhase; buildActionMask = 2147483647; files = (
		); runOnlyForDeploymentPostprocessing = 0; };
	/* End PBXFrameworksBuildPhase section */

	/* Begin PBXGroup section */
		7882D14E /* JSKeyboard */ = {isa = PBXGroup; children = (
			0995FC67 /* JSKeyboard */;
			00B68AB3 /* JSKeyboardExtension */;
			5737D05B /* Frameworks */;
			6DABFA98 /* Libraries */;
			D59F6469 /* Products */;
		); sourceTree = "<group>"; };
		0995FC67 /* JSKeyboard */ = {isa = PBXGroup; children = (
			09867EEE /* AppDelegate.swift */;
			FA4525BD /* SceneDelegate.swift */;
			364A8969 /* DataManager.swift */;
			DFBAEAA4 /* TextCategory.swift */;
			4FD675EA /* ClipboardEntry.swift */;
			6D1E1DAA /* JSFunction.swift */;
			CDF90B48 /* Settings.swift */;
			064232A9 /* TabBarController.swift */;
			485A62A3 /* TextTabViewController.swift */;
			5AF89C98 /* ClipboardTabViewController.swift */;
			69CB68B8 /* JSTabViewController.swift */;
			F37DB011 /* SettingsTabViewController.swift */;
			4E161D78 /* ViewModelExtensions.swift */;
			9E3518AB /* Info.plist */;
			BD23AF8A /* JSKeyboard.entitlements */;
			7BBF6915 /* Assets.xcassets */;
			14F4D906 /* Models */;
			7CD28B20 /* ViewControllers */;
			26F9F229 /* Extensions */;
		); name = JSKeyboard; sourceTree = "<group>"; };
		14F4D906 /* Models */ = {isa = PBXGroup; children = (
			364A8969 /* DataManager.swift */;
			DFBAEAA4 /* TextCategory.swift */;
			4FD675EA /* ClipboardEntry.swift */;
			6D1E1DAA /* JSFunction.swift */;
			CDF90B48 /* Settings.swift */;
		); name = Models; sourceTree = "<group>"; };
		7CD28B20 /* ViewControllers */ = {isa = PBXGroup; children = (
			064232A9 /* TabBarController.swift */;
			485A62A3 /* TextTabViewController.swift */;
			5AF89C98 /* ClipboardTabViewController.swift */;
			69CB68B8 /* JSTabViewController.swift */;
			F37DB011 /* SettingsTabViewController.swift */;
		); name = ViewControllers; sourceTree = "<group>"; };
		26F9F229 /* Extensions */ = {isa = PBXGroup; children = (
			4E161D78 /* ViewModelExtensions.swift */;
		); name = Extensions; sourceTree = "<group>"; };
		7BBF6915 /* Assets.xcassets */ = {isa = PBXGroup; children = (
			42F4CB83 /* Contents.json */;
			D04EA8B4 /* AppIcon.appiconset */;
		); name = Assets.xcassets; sourceTree = "<group>"; };
		00B68AB3 /* JSKeyboardExtension */ = {isa = PBXGroup; children = (
			EDCECECF /* KeyboardViewController.swift */;
			A955EBAE /* JSKeyboardView.swift */;
			10B576DE /* Info.plist */;
			5545F599 /* JSKeyboardExtension.entitlements */;
		); path = JSKeyboardExtension; sourceTree = "<group>"; };
		5737D05B /* Frameworks */ = {isa = PBXGroup; sourceTree = "<group>"; };
		6DABFA98 /* Libraries */ = {isa = PBXGroup; sourceTree = "<group>"; };
		D59F6469 /* Products */ = {isa = PBXGroup; children = (
			0A52243C /* JSKeyboard.app */;
			924D4B96 /* JSKeyboardExtension.appex */;
		); name = Products; sourceTree = "<group>"; };
	/* End PBXGroup section */

	/* Begin PBXNativeTarget section */
		131A2C91 /* JSKeyboard */ = {
			isa = PBXNativeTarget;
			buildConfigurationList = 78E5116E /* Configurations */;
			buildPhases = (
				334ACC32 /* Sources */;
				5D9A03BB /* Frameworks */;
				40FA719B /* Resources */;
			);
			buildRules = (
			);
			dependencies = (
			);
			name = JSKeyboard;
			productName = JSKeyboard;
			productReference = 0A52243C /* JSKeyboard.app */;
			productType = "com.apple.product-type.application";
		};
		0160E538 /* JSKeyboardExtension */ = {
			isa = PBXNativeTarget;
			buildConfigurationList = E0AE26C7 /* Configurations */;
			buildPhases = (
				E931CA63 /* Sources */;
				A2AD8831 /* Frameworks */;
				1003E0FE /* Resources */;
			);
			buildRules = (
			);
			dependencies = (
			);
			name = JSKeyboardExtension;
			productName = JSKeyboardExtension;
			productReference = 924D4B96 /* JSKeyboardExtension.appex */;
			productType = "com.apple.product-type.bundle";
		};
	/* End PBXNativeTarget section */

	/* Begin PBXProject section */
		5299AC43 /* Project object */ = {
			isa = PBXProject;
			attributes = {
				BuildIndependentTargetsInParallel = 1;
				LastSwiftUpdateCheck = 1430;
				LastUpgradeCheck = 1430;
				TargetAttributes = {
					131A2C91 = {
						CreatedOnToolsVersion = 15.0;
					};
					0160E538 = {
						CreatedOnToolsVersion = 15.0;
					};
				};
			};
			buildConfigurationList = 1DBC95D4 /* Configurations */;
			compatibilityVersion = "Xcode 14.0";
			developmentRegion = en;
			hasScannedForEncodings = 0;
			knownRegions = (
				en,
				Base,
				zh-Hans,
			);
			mainGroup = 7882D14E;
			productRefGroup = D59F6469 /* Products */;
			projectDirPath = "";
			projectRoot = "";
			targets = (
				131A2C91 /* JSKeyboard */,
				0160E538 /* JSKeyboardExtension */,
			);
		};
	/* End PBXProject section */

	/* Begin PBXSourcesBuildPhase section */
		334ACC32 /* Sources */ = {isa = PBXSourcesBuildPhase; buildActionMask = 2147483647; files = (
				09867EEE /* AppDelegate.swift in Sources */;
				FA4525BD /* SceneDelegate.swift in Sources */;
				364A8969 /* DataManager.swift in Sources */;
				DFBAEAA4 /* TextCategory.swift in Sources */;
				4FD675EA /* ClipboardEntry.swift in Sources */;
				6D1E1DAA /* JSFunction.swift in Sources */;
				CDF90B48 /* Settings.swift in Sources */;
				064232A9 /* TabBarController.swift in Sources */;
				485A62A3 /* TextTabViewController.swift in Sources */;
				5AF89C98 /* ClipboardTabViewController.swift in Sources */;
				69CB68B8 /* JSTabViewController.swift in Sources */;
				F37DB011 /* SettingsTabViewController.swift in Sources */;
				4E161D78 /* ViewModelExtensions.swift in Sources */;
		); runOnlyForDeploymentPostprocessing = 0; };
		E931CA63 /* Sources */ = {isa = PBXSourcesBuildPhase; buildActionMask = 2147483647; files = (
				EDCECECF /* KeyboardViewController.swift in Sources */;
				A955EBAE /* JSKeyboardView.swift in Sources */;
		); runOnlyForDeploymentPostprocessing = 0; };
	/* End PBXSourcesBuildPhase section */

	/* Begin PBXResourcesBuildPhase section */
		40FA719B /* Resources */ = {isa = PBXResourcesBuildPhase; buildActionMask = 2147483647; files = (
				9E3518AB /* Info.plist in Resources */;
				BD23AF8A /* JSKeyboard.entitlements in Resources */;
				42F4CB83 /* Contents.json in Resources */;
				D04EA8B4 /* Contents.json in Resources */;
		); runOnlyForDeploymentPostprocessing = 0; };
		1003E0FE /* Resources */ = {isa = PBXResourcesBuildPhase; buildActionMask = 2147483647; files = (
				10B576DE /* Info.plist in Resources */;
				5545F599 /* JSKeyboardExtension.entitlements in Resources */;
		); runOnlyForDeploymentPostprocessing = 0; };
	/* End PBXResourcesBuildPhase section */

	/* Begin XCBuildConfiguration section */
		8343BB34 /* Debug */ = {isa = XCBuildConfiguration; buildSettings = { ASSETCATALOG_COMPILER_APPICON_NAME = AppIcon; CLANG_ENABLE_MODULES = YES; COPY_PHASE_STRIP = NO; DEBUG_INFORMATION_FORMAT = dwarf; GCC_OPTIMIZATION_LEVEL = 0; GCC_PREPROCESSOR_DEFINITIONS = ("$(inherited)" DEBUG 1); IPHONEOS_DEPLOYMENT_TARGET = 15.0; MTLS_LANGUAGE_OPTIONS = (ObjC); ONLY_ACTIVE_ARCH = YES; PRODUCT_BUNDLE_IDENTIFIER = com.jskeyboard.app; SDKROOT = iphoneos; SWIFT_ACTIVE_COMPILATION_CONDITIONS = (DEBUG ); SWIFT_OPTIMIZATION_LEVEL = "-Onone"; TARGETED_DEVICE_FAMILY = "1,2"; VALID_ARCHS = arm64; }; name = Debug; };
		4F298C0E /* Release */ = {isa = XCBuildConfiguration; buildSettings = { ASSETCATALOG_COMPILER_APPICON_NAME = AppIcon; CLANG_ENABLE_MODULES = YES; COPY_PHASE_STRIP = NO; DEBUG_INFORMATION_FORMAT = dwarf-with-dsym; ENABLE_NS_ASSERTIONS = YES; IPHONEOS_DEPLOYMENT_TARGET = 15.0; MTLS_LANGUAGE_OPTIONS = (ObjC); PRODUCT_BUNDLE_IDENTIFIER = com.jskeyboard.app; SDKROOT = iphoneos; SWIFT_COMPILATION_MODE = wholemodule; SWIFT_OPTIMIZATION_LEVEL = "-O"; TARGETED_DEVICE_FAMILY = "1,2"; VALID_ARCHS = arm64; }; name = Release; };
		C42B2440 /* Debug */ = {isa = XCBuildConfiguration; buildSettings = { CLANG_ENABLE_MODULES = YES; DEBUG_INFORMATION_FORMAT = dwarf; IPHONEOS_DEPLOYMENT_TARGET = 15.0; MTLS_LANGUAGE_OPTIONS = (ObjC); PRODUCT_BUNDLE_IDENTIFIER = com.jskeyboard.app.keyboard; SDKROOT = iphoneos; SWIFT_ACTIVE_COMPILATION_CONDITIONS = (DEBUG ); SWIFT_OPTIMIZATION_LEVEL = "-Onone"; TARGETED_DEVICE_FAMILY = "1,2"; VALID_ARCHS = arm64; }; name = Debug; };
		22EE7421 /* Release */ = {isa = XCBuildConfiguration; buildSettings = { CLANG_ENABLE_MODULES = YES; DEBUG_INFORMATION_FORMAT = dwarf-with-dsym; ENABLE_NS_ASSERTIONS = YES; IPHONEOS_DEPLOYMENT_TARGET = 15.0; MTLS_LANGUAGE_OPTIONS = (ObjC); PRODUCT_BUNDLE_IDENTIFIER = com.jskeyboard.app.keyboard; SDKROOT = iphoneos; SWIFT_COMPILATION_MODE = wholemodule; SWIFT_OPTIMIZATION_LEVEL = "-O"; TARGETED_DEVICE_FAMILY = "1,2"; VALID_ARCHS = arm64; }; name = Release; };
	/* End XCBuildConfiguration section */

	/* Begin XCConfigurationList section */
		78E5116E /* Configurations */ = {isa = XCConfigurationList; buildConfigurations = (
			8343BB34 /* Debug */,
			4F298C0E /* Release */,
		); defaultConfigurationIsVisible = 0; defaultConfigurationName = Debug; };
		E0AE26C7 /* Configurations */ = {isa = XCConfigurationList; buildConfigurations = (
			C42B2440 /* Debug */,
			22EE7421 /* Release */,
		); defaultConfigurationIsVisible = 0; defaultConfigurationName = Debug; };
		1DBC95D4 /* Configurations */ = {isa = XCConfigurationList; buildConfigurations = (
			8343BB34 /* Debug */,
			4F298C0E /* Release */,
		); defaultConfigurationIsVisible = 0; defaultConfigurationName = Debug; };
	/* End XCConfigurationList section */

	/* Begin PBXProductReference section */
		0A52243C /* JSKeyboard.app */ = {isa = PBXProductReference; explicitFileType = application.identifier; path = JSKeyboard.app; sourceTree = BUILT_PRODUCTS_DIR; };
		924D4B96 /* JSKeyboardExtension.appex */ = {isa = PBXProductReference; explicitFileType = "com.apple.product-type.bundle"; path = JSKeyboardExtension.appex; sourceTree = BUILT_PRODUCTS_DIR; };
	/* End PBXProductReference section */
	};
rootObject = 5299AC43 /* Project object */;
}