// !$*UTF$!*
objectVersion = 56;
objects = {
/* Begin PBXBuildFile section */
		09867EEE /* AppDelegate.swift in Resources */ = {isa = PBXBuildFile; fileRef = 09867EEE /* AppDelegate.swift */; };
		FA4525BD /* SceneDelegate.swift in Resources */ = {isa = PBXBuildFile; fileRef = FA4525BD /* SceneDelegate.swift */; };
		364A8969 /* DataManager.swift in Resources */ = {isa = PBXBuildFile; fileRef = 364A8969 /* DataManager.swift */; };
		DFBAEAA4 /* TextCategory.swift in Resources */ = {isa = PBXBuildFile; fileRef = DFBAEAA4 /* TextCategory.swift */; };
		4FD675EA /* ClipboardEntry.swift in Resources */ = {isa = PBXBuildFile; fileRef = 4FD675EA /* ClipboardEntry.swift */; };
		6D1E1DAA /* JSFunction.swift in Resources */ = {isa = PBXBuildFile; fileRef = 6D1E1DAA /* JSFunction.swift */; };
		CDF90B48 /* Settings.swift in Resources */ = {isa = PBXBuildFile; fileRef = CDF90B48 /* Settings.swift */; };
		064232A9 /* TabBarController.swift in Resources */ = {isa = PBXBuildFile; fileRef = 064232A9 /* TabBarController.swift */; };
		485A62A3 /* TextTabViewController.swift in Resources */ = {isa = PBXBuildFile; fileRef = 485A62A3 /* TextTabViewController.swift */; };
		5AF89C98 /* ClipboardTabViewController.swift in Resources */ = {isa = PBXBuildFile; fileRef = 5AF89C98 /* ClipboardTabViewController.swift */; };
		69CB68B8 /* JSTabViewController.swift in Resources */ = {isa = PBXBuildFile; fileRef = 69CB68B8 /* JSTabViewController.swift */; };
		F37DB011 /* SettingsTabViewController.swift in Resources */ = {isa = PBXBuildFile; fileRef = F37DB011 /* SettingsTabViewController.swift */; };
		4E161D78 /* ViewModelExtensions.swift in Resources */ = {isa = PBXBuildFile; fileRef = 4E161D78 /* ViewModelExtensions.swift */; };
		9E3518AB /* Info.plist in Resources */ = {isa = PBXBuildFile; fileRef = 9E3518AB /* Info.plist */; };
		BD23AF8A /* JSKeyboard.entitlements in Resources */ = {isa = PBXBuildFile; fileRef = BD23AF8A /* JSKeyboard.entitlements */; };
		42F4CB83 /* Contents.json in Resources */ = {isa = PBXBuildFile; fileRef = 42F4CB83 /* Contents.json */; };
		D04EA8B4 /* Contents.json in Resources */ = {isa = PBXBuildFile; fileRef = D04EA8B4 /* Contents.json */; };
		EDCECECF /* KeyboardViewController.swift in Resources */ = {isa = PBXBuildFile; fileRef = EDCECECF /* KeyboardViewController.swift */; };
		A955EBAE /* JSKeyboardView.swift in Resources */ = {isa = PBXBuildFile; fileRef = A955EBAE /* JSKeyboardView.swift */; };
		10B576DE /* Info.plist in Resources */ = {isa = PBXBuildFile; fileRef = 10B576DE /* Info.plist */; };
		5545F599 /* JSKeyboardExtension.entitlements in Resources */ = {isa = PBXBuildFile; fileRef = 5545F599 /* JSKeyboardExtension.entitlements */; };
	/* End PBXBuildFile section */

	/* Begin PBXFileReference section */
		09867EEE /* AppDelegate.swift */ = {isa = PBXFileReference; path = AppDelegate.swift; sourceTree = "<group>"; };
		FA4525BD /* SceneDelegate.swift */ = {isa = PBXFileReference; path = SceneDelegate.swift; sourceTree = "<group>"; };
		364A8969 /* DataManager.swift */ = {isa = PBXFileReference; path = Models/DataManager.swift; sourceTree = "<group>"; };
		DFBAEAA4 /* TextCategory.swift */ = {isa = PBXFileReference; path = Models/TextCategory.swift; sourceTree = "<group>"; };
		4FD675EA /* ClipboardEntry.swift */ = {isa = PBXFileReference; path = Models/ClipboardEntry.swift; sourceTree = "<group>"; };
		6D1E1DAA /* JSFunction.swift */ = {isa = PBXFileReference; path = Models/JSFunction.swift; sourceTree = "<group>"; };
		CDF90B48 /* Settings.swift */ = {isa = PBXFileReference; path = Models/Settings.swift; sourceTree = "<group>"; };
		064232A9 /* TabBarController.swift */ = {isa = PBXFileReference; path = ViewControllers/TabBarController.swift; sourceTree = "<group>"; };
		485A62A3 /* TextTabViewController.swift */ = {isa = PBXFileReference; path = ViewControllers/TextTabViewController.swift; sourceTree = "<group>"; };
		5AF89C98 /* ClipboardTabViewController.swift */ = {isa = PBXFileReference; path = ViewControllers/ClipboardTabViewController.swift; sourceTree = "<group>"; };
		69CB68B8 /* JSTabViewController.swift */ = {isa = PBXFileReference; path = ViewControllers/JSTabViewController.swift; sourceTree = "<group>"; };
		F37DB011 /* SettingsTabViewController.swift */ = {isa = PBXFileReference; path = ViewControllers/SettingsTabViewController.swift; sourceTree = "<group>"; };
		4E161D78 /* ViewModelExtensions.swift */ = {isa = PBXFileReference; path = Extensions/ViewModelExtensions.swift; sourceTree = "<group>"; };
		9E3518AB /* Info.plist */ = {isa = PBXFileReference; path = Info.plist; sourceTree = "<group>"; };
		BD23AF8A /* JSKeyboard.entitlements */ = {isa = PBXFileReference; path = JSKeyboard.entitlements; sourceTree = "<group>"; };
		42F4CB83 /* Contents.json */ = {isa = PBXFileReference; path = Assets.xcassets/Contents.json; sourceTree = "<group>"; };
		D04EA8B4 /* Contents.json */ = {isa = PBXFileReference; path = Assets.xcassets/AppIcon.appiconset/Contents.json; sourceTree = "<group>"; };
		EDCECECF /* KeyboardViewController.swift */ = {isa = PBXFileReference; path = ../JSKeyboardExtension/KeyboardViewController.swift; sourceTree = "<group>"; };
		A955EBAE /* JSKeyboardView.swift */ = {isa = PBXFileReference; path = ../JSKeyboardExtension/JSKeyboardView.swift; sourceTree = "<group>"; };
		10B576DE /* Info.plist */ = {isa = PBXFileReference; path = ../JSKeyboardExtension/Info.plist; sourceTree = "<group>"; };
		5545F599 /* JSKeyboardExtension.entitlements */ = {isa = PBXFileReference; path = ../JSKeyboardExtension/JSKeyboardExtension.entitlements; sourceTree = "<group>"; };
		E529A9CE /* JSKeyboard.app */ = {isa = PBXProductReference; explicitFileType = application.identifier; path = JSKeyboard.app; sourceTree = BUILT_PRODUCTS_DIR; };
		DD07DE85 /* JSKeyboardExtension.appex */ = {isa = PBXProductReference; explicitFileType = "com.apple.product-type.bundle"; path = JSKeyboardExtension.appex; sourceTree = BUILT_PRODUCTS_DIR; };
	/* End PBXFileReference section */

	/* Begin PBXFrameworksBuildPhase section */
		89E6D2B3 /* Frameworks */ = {isa = PBXFrameworksBuildPhase; buildActionMask = 2147483647; files = (
		); runOnlyForDeploymentPostprocessing = 0; };
		2D917F5D /* Frameworks */ = {isa = PBXFrameworksBuildPhase; buildActionMask = 2147483647; files = (
		); runOnlyForDeploymentPostprocessing = 0; };
	/* End PBXFrameworksBuildPhase section */

	/* Begin PBXGroup section */
		0ECB2B96 /* JSKeyboard */ = {isa = PBXGroup; children = (
			4E42F7DD /* JSKeyboard */;
			941774E1 /* JSKeyboardExtension */;
			3D4044D6 /* Frameworks */;
			A608B9C4 /* Libraries */;
			235EC523 /* Products */;
		); sourceTree = "<group>"; };
		4E42F7DD /* JSKeyboard */ = {isa = PBXGroup; children = (
			09867EEE /* AppDelegate.swift */;
			FA4525BD /* SceneDelegate.swift */;
			364A8969 /* DataManager.swift */;
			DFBAEAA4 /* TextCategory.swift */;
			4FD675EA /* ClipboardEntry.swift */;
			6D1E1DAA /* JSFunction.swift */;
			CDF90B48 /* Settings.swift */;
			064232A9 /* TabBarController.swift */;
			485A62A3 /* TextTabViewController.swift */;
			5AF89C98 /* ClipboardTabViewController.swift */;
			69CB68B8 /* JSTabViewController.swift */;
			F37DB011 /* SettingsTabViewController.swift */;
			4E161D78 /* ViewModelExtensions.swift */;
			9E3518AB /* Info.plist */;
			BD23AF8A /* JSKeyboard.entitlements */;
			42F4CB83 /* Contents.json */;
			D04EA8B4 /* Contents.json */;
			F970E276 /* Assets.xcassets */;
			793914C9 /* Models */;
			C56E5259 /* ViewControllers */;
			54D54A12 /* Extensions */;
		); name = JSKeyboard; sourceTree = "<group>"; };
		793914C9 /* Models */ = {isa = PBXGroup; children = (
			364A8969 /* DataManager.swift */;
			DFBAEAA4 /* TextCategory.swift */;
			4FD675EA /* ClipboardEntry.swift */;
			6D1E1DAA /* JSFunction.swift */;
			CDF90B48 /* Settings.swift */;
		); name = Models; sourceTree = "<group>"; };
		C56E5259 /* ViewControllers */ = {isa = PBXGroup; children = (
			064232A9 /* TabBarController.swift */;
			485A62A3 /* TextTabViewController.swift */;
			5AF89C98 /* ClipboardTabViewController.swift */;
			69CB68B8 /* JSTabViewController.swift */;
			F37DB011 /* SettingsTabViewController.swift */;
		); name = ViewControllers; sourceTree = "<group>"; };
		54D54A12 /* Extensions */ = {isa = PBXGroup; children = (
			4E161D78 /* ViewModelExtensions.swift */;
		); name = Extensions; sourceTree = "<group>"; };
		F970E276 /* Assets.xcassets */ = {isa = PBXGroup; children = (
			42F4CB83 /* Contents.json */;
			D04EA8B4 /* Contents.json */;
		); name = Assets.xcassets; sourceTree = "<group>"; };
		941774E1 /* JSKeyboardExtension */ = {isa = PBXGroup; children = (
			EDCECECF /* KeyboardViewController.swift */;
			A955EBAE /* JSKeyboardView.swift */;
			10B576DE /* Info.plist */;
			5545F599 /* JSKeyboardExtension.entitlements */;
		); path = JSKeyboardExtension; sourceTree = "<group>"; };
		3D4044D6 /* Frameworks */ = {isa = PBXGroup; sourceTree = "<group>"; };
		A608B9C4 /* Libraries */ = {isa = PBXGroup; sourceTree = "<group>"; };
		235EC523 /* Products */ = {isa = PBXGroup; children = (
			E529A9CE /* JSKeyboard.app */;
			DD07DE85 /* JSKeyboardExtension.appex */;
		); name = Products; sourceTree = "<group>"; };
	/* End PBXGroup section */

	/* Begin PBXNativeTarget section */
		FEC8F2A3 /* JSKeyboard */ = {
			isa = PBXNativeTarget;
			buildConfigurationList = C9089F3C /* Configurations */;
			buildPhases = (
				C12E01F2 /* Sources */;
				89E6D2B3 /* Frameworks */;
				DB26EE04 /* Resources */;
			);
			buildRules = (
			);
			dependencies = (
			);
			name = JSKeyboard;
			productName = JSKeyboard;
			productReference = E529A9CE /* JSKeyboard.app */;
			productType = "com.apple.product-type.application";
		};
		569EF726 /* JSKeyboardExtension */ = {
			isa = PBXNativeTarget;
			buildConfigurationList = D9180594 /* Configurations */;
			buildPhases = (
				EFAD7ABB /* Sources */;
				2D917F5D /* Frameworks */;
				12ECCBDD /* Resources */;
			);
			buildRules = (
			);
			dependencies = (
			);
			name = JSKeyboardExtension;
			productName = JSKeyboardExtension;
			productReference = DD07DE85 /* JSKeyboardExtension.appex */;
			productType = "com.apple.product-type.bundle";
		};
	/* End PBXNativeTarget section */

	/* Begin PBXProject section */
		83878C91 /* Project object */ = {
			isa = PBXProject;
			attributes = {
				BuildIndependentTargetsInParallel = 1;
				LastSwiftUpdateCheck = 1500;
				LastUpgradeCheck = 1500;
				TargetAttributes = {
					FEC8F2A3 = {
						CreatedOnToolsVersion = 15.0;
					};
					569EF726 = {
						CreatedOnToolsVersion = 15.0;
					};
				};
			};
			buildConfigurationList = 351325A6 /* Configurations */;
			compatibilityVersion = "Xcode 14.0";
			developmentRegion = en;
			hasScannedForEncodings = 0;
			knownRegions = (
				en,
				Base,
				zh-Hans,
			);
			mainGroup = 0ECB2B96;
			productRefGroup = 235EC523 /* Products */;
			projectDirPath = "";
			projectRoot = "";
			targets = (
				FEC8F2A3 /* JSKeyboard */,
				569EF726 /* JSKeyboardExtension */,
			);
		};
	/* End PBXProject section */

	/* Begin PBXSourcesBuildPhase section */
		C12E01F2 /* Sources */ = {isa = PBXSourcesBuildPhase; buildActionMask = 2147483647; files = (
				09867EEE /* AppDelegate.swift in Sources */;
				FA4525BD /* SceneDelegate.swift in Sources */;
				364A8969 /* DataManager.swift in Sources */;
				DFBAEAA4 /* TextCategory.swift in Sources */;
				4FD675EA /* ClipboardEntry.swift in Sources */;
				6D1E1DAA /* JSFunction.swift in Sources */;
				CDF90B48 /* Settings.swift in Sources */;
				064232A9 /* TabBarController.swift in Sources */;
				485A62A3 /* TextTabViewController.swift in Sources */;
				5AF89C98 /* ClipboardTabViewController.swift in Sources */;
				69CB68B8 /* JSTabViewController.swift in Sources */;
				F37DB011 /* SettingsTabViewController.swift in Sources */;
				4E161D78 /* ViewModelExtensions.swift in Sources */;
		); runOnlyForDeploymentPostprocessing = 0; };
		EFAD7ABB /* Sources */ = {isa = PBXSourcesBuildPhase; buildActionMask = 2147483647; files = (
				EDCECECF /* KeyboardViewController.swift in Sources */;
				A955EBAE /* JSKeyboardView.swift in Sources */;
				10B576DE /* Info.plist in Sources */;
				5545F599 /* JSKeyboardExtension.entitlements in Sources */;
		); runOnlyForDeploymentPostprocessing = 0; };
	/* End PBXSourcesBuildPhase section */

	/* Begin PBXResourcesBuildPhase section */
		DB26EE04 /* Resources */ = {isa = PBXResourcesBuildPhase; buildActionMask = 2147483647; files = (
				9E3518AB /* Info.plist in Resources */;
				BD23AF8A /* JSKeyboard.entitlements in Resources */;
				42F4CB83 /* Contents.json in Resources */;
				D04EA8B4 /* Contents.json in Resources */;
		); runOnlyForDeploymentPostprocessing = 0; };
		12ECCBDD /* Resources */ = {isa = PBXResourcesBuildPhase; buildActionMask = 2147483647; files = (
				EDCECECF /* KeyboardViewController.swift in Resources */;
				A955EBAE /* JSKeyboardView.swift in Resources */;
				10B576DE /* Info.plist in Resources */;
				5545F599 /* JSKeyboardExtension.entitlements in Resources */;
		); runOnlyForDeploymentPostprocessing = 0; };
	/* End PBXResourcesBuildPhase section */

	/* Begin XCBuildConfiguration section */
		523AF537 /* Debug */ = {isa = XCBuildConfiguration; buildSettings = { ASSETCATALOG_COMPILER_APPICON_NAME = AppIcon; CLANG_ENABLE_MODULES = YES; COPY_PHASE_STRIP = NO; DEBUG_INFORMATION_FORMAT = dwarf; IPHONEOS_DEPLOYMENT_TARGET = 15.0; PRODUCT_BUNDLE_IDENTIFIER = com.jskeyboard.app; SDKROOT = iphoneos; SWIFT_OPTIMIZATION_LEVEL = "-Onone"; TARGETED_DEVICE_FAMILY = "1,2"; VALID_ARCHS = arm64; }; name = Debug; };
		C582DEC9 /* Release */ = {isa = XCBuildConfiguration; buildSettings = { ASSETCATALOG_COMPILER_APPICON_NAME = AppIcon; CLANG_ENABLE_MODULES = YES; COPY_PHASE_STRIP = NO; DEBUG_INFORMATION_FORMAT = dwarf-with-dsym; ENABLE_NS_ASSERTIONS = YES; IPHONEOS_DEPLOYMENT_TARGET = 15.0; PRODUCT_BUNDLE_IDENTIFIER = com.jskeyboard.app; SDKROOT = iphoneos; SWIFT_COMPILATION_MODE = wholemodule; SWIFT_OPTIMIZATION_LEVEL = "-O"; TARGETED_DEVICE_FAMILY = "1,2"; VALID_ARCHS = arm64; }; name = Release; };
		B5F3729E /* Debug */ = {isa = XCBuildConfiguration; buildSettings = { CLANG_ENABLE_MODULES = YES; DEBUG_INFORMATION_FORMAT = dwarf; IPHONEOS_DEPLOYMENT_TARGET = 15.0; PRODUCT_BUNDLE_IDENTIFIER = com.jskeyboard.app.keyboard; SDKROOT = iphoneos; SWIFT_OPTIMIZATION_LEVEL = "-Onone"; TARGETED_DEVICE_FAMILY = "1,2"; VALID_ARCHS = arm64; }; name = Debug; };
		818F9C45 /* Release */ = {isa = XCBuildConfiguration; buildSettings = { CLANG_ENABLE_MODULES = YES; DEBUG_INFORMATION_FORMAT = dwarf-with-dsym; ENABLE_NS_ASSERTIONS = YES; IPHONEOS_DEPLOYMENT_TARGET = 15.0; PRODUCT_BUNDLE_IDENTIFIER = com.jskeyboard.app.keyboard; SDKROOT = iphoneos; SWIFT_COMPILATION_MODE = wholemodule; SWIFT_OPTIMIZATION_LEVEL = "-O"; TARGETED_DEVICE_FAMILY = "1,2"; VALID_ARCHS = arm64; }; name = Release; };
	/* End XCBuildConfiguration section */

	/* Begin XCConfigurationList section */
		C9089F3C /* Configurations */ = {isa = XCConfigurationList; buildConfigurations = (
			523AF537 /* Debug */,
			C582DEC9 /* Release */,
		); defaultConfigurationIsVisible = 0; defaultConfigurationName = Debug; };
		D9180594 /* Configurations */ = {isa = XCConfigurationList; buildConfigurations = (
			B5F3729E /* Debug */,
			818F9C45 /* Release */,
		); defaultConfigurationIsVisible = 0; defaultConfigurationName = Debug; };
		351325A6 /* Configurations */ = {isa = XCConfigurationList; buildConfigurations = (
			523AF537 /* Debug */,
			C582DEC9 /* Release */,
		); defaultConfigurationIsVisible = 0; defaultConfigurationName = Debug; };
	/* End XCConfigurationList section */
	};
	};
